github.com/i9si-sistemas/assert v0.0.0-20250430171352-359d1481c58c h1:8DlRk8oT2YFyo8MbY00ge2wEEGGLZWr2mGJextdSePI=
github.com/i9si-sistemas/assert v0.0.0-20250430171352-359d1481c58c/go.mod h1:xRwY4u6NZZjNLlgdBSaNESQEUSJ4CxuT4lWQAbvwfBQ=
github.com/i9si-sistemas/stringx v1.6.0 h1:HrE7YfqkJT1PDPqm6vKfZzzswDtdon+LfcLr7xFLwyQ=
github.com/i9si-sistemas/stringx v1.6.0/go.mod h1:+GhyHUFCjPCdi4BOTLuXI1O0VE0YZP1kn32XEcb9bk4=
