github.com/i9si-sistemas/assert v0.0.0-20250430171352-359d1481c58c h1:8DlRk8oT2YFyo8MbY00ge2wEEGGLZWr2mGJextdSePI=
github.com/i9si-sistemas/assert v0.0.0-20250430171352-359d1481c58c/go.mod h1:xRwY4u6NZZjNLlgdBSaNESQEUSJ4CxuT4lWQAbvwfBQ=
github.com/i9si-sistemas/nine v1.4.0 h1:+JKXEK4zYoOXIP3tzSHaCahw78qY25ogF0iU12V7uew=
github.com/i9si-sistemas/nine v1.4.0/go.mod h1:t1CqdP6MEBDj9Km5y67+RIEcN25hvkXwBu0ZdkKpSrY=
github.com/i9si-sistemas/stringx v1.7.0 h1:aF36Wawm8D7tozx3Blj2rgIyBg28ENzMFnOzdO1iZZI=
github.com/i9si-sistemas/stringx v1.7.0/go.mod h1:+GhyHUFCjPCdi4BOTLuXI1O0VE0YZP1kn32XEcb9bk4=
